<?xml version="1.0" encoding="utf-8"?>
<Project ToolsVersion="4.0" xmlns="http://schemas.microsoft.com/developer/msbuild/2003">
  <ItemGroup>
    <Filter Include="Source Files">
      <UniqueIdentifier>{4FC737F1-C7A5-4376-A066-2A32D752A2FF}</UniqueIdentifier>
      <Extensions>cpp;c;cc;cxx;def;odl;idl;hpj;bat;asm;asmx</Extensions>
    </Filter>
    <Filter Include="Header Files">
      <UniqueIdentifier>{93995380-89BD-4b04-88EB-625FBE52EBFB}</UniqueIdentifier>
      <Extensions>h;hh;hpp;hxx;hm;inl;inc;ipp;xsd</Extensions>
    </Filter>
    <Filter Include="Resource Files">
      <UniqueIdentifier>{67DA6AB6-F800-4c08-8B7A-83BB121AAD01}</UniqueIdentifier>
      <Extensions>rc;ico;cur;bmp;dlg;rc2;rct;bin;rgs;gif;jpg;jpeg;jpe;resx;tiff;tif;png;wav;mfcribbon-ms</Extensions>
    </Filter>
  </ItemGroup>
  <ItemGroup>
    <ClInclude Include="res\Resource.h">
      <Filter>Header Files</Filter>
    </ClInclude>
    <ClInclude Include="res\targetver.h">
      <Filter>Header Files</Filter>
    </ClInclude>
    <ClInclude Include="src\rfx\pch.h">
      <Filter>Header Files</Filter>
    </ClInclude>
    <ClInclude Include="src\rfx\rfx.h">
      <Filter>Header Files</Filter>
    </ClInclude>
    <ClInclude Include="src\rfx\application\Application.h">
      <Filter>Header Files</Filter>
    </ClInclude>
    <ClInclude Include="src\rfx\core\Logger.h">
      <Filter>Header Files</Filter>
    </ClInclude>
    <ClInclude Include="src\rfx\application\Win32Application.h">
      <Filter>Header Files</Filter>
    </ClInclude>
    <ClInclude Include="src\rfx\graphics\GraphicsDevice.h">
      <Filter>Header Files</Filter>
    </ClInclude>
    <ClInclude Include="src\rfx\core\StringUtil.h">
      <Filter>Header Files</Filter>
    </ClInclude>
    <ClInclude Include="src\rfx\core\Timer.h">
      <Filter>Header Files</Filter>
    </ClInclude>
    <ClInclude Include="test\CubeTest.h">
      <Filter>Header Files</Filter>
    </ClInclude>
    <ClInclude Include="src\rfx\graphics\GraphicsContext.h">
      <Filter>Header Files</Filter>
    </ClInclude>
    <ClInclude Include="src\rfx\core\Algorithm.h">
      <Filter>Header Files</Filter>
    </ClInclude>
    <ClInclude Include="src\rfx\graphics\GraphicsDeviceInfo.h">
      <Filter>Header Files</Filter>
    </ClInclude>
    <ClInclude Include="src\rfx\core\FileUtil.h">
      <Filter>Header Files</Filter>
    </ClInclude>
    <ClInclude Include="src\rfx\input\InputDevice.h">
      <Filter>Header Files</Filter>
    </ClInclude>
    <ClInclude Include="src\rfx\input\InputDeviceFactory.h">
      <Filter>Header Files</Filter>
    </ClInclude>
    <ClInclude Include="src\rfx\input\directx\DXInputDeviceFactory.h">
      <Filter>Header Files</Filter>
    </ClInclude>
    <ClInclude Include="src\rfx\input\directx\DXKeyboard.h">
      <Filter>Header Files</Filter>
    </ClInclude>
    <ClInclude Include="src\rfx\input\Keyboard.h">
      <Filter>Header Files</Filter>
    </ClInclude>
    <ClInclude Include="test\TestApplication.h">
      <Filter>Header Files</Filter>
    </ClInclude>
    <ClInclude Include="src\rfx\scene\ModelLoader.h">
      <Filter>Header Files</Filter>
    </ClInclude>
    <ClInclude Include="src\rfx\graphics\VertexFormat.h">
      <Filter>Header Files</Filter>
    </ClInclude>
    <ClInclude Include="src\rfx\scene\Mesh.h">
      <Filter>Header Files</Filter>
    </ClInclude>
    <ClInclude Include="test\TriangleTest.h">
      <Filter>Header Files</Filter>
    </ClInclude>
    <ClInclude Include="test\TexturedQuadTest.h">
      <Filter>Header Files</Filter>
    </ClInclude>
    <ClInclude Include="lib\ktx\include\ktx.h">
      <Filter>Header Files</Filter>
    </ClInclude>
    <ClInclude Include="lib\ktx\include\ktxvulkan.h">
      <Filter>Header Files</Filter>
    </ClInclude>
    <ClInclude Include="test\TexturedCubesTest.h">
      <Filter>Header Files</Filter>
    </ClInclude>
    <ClInclude Include="src\rfx\scene\SceneNode.h">
      <Filter>Header Files</Filter>
    </ClInclude>
    <ClInclude Include="src\rfx\scene\ModelDefinition.h">
      <Filter>Header Files</Filter>
    </ClInclude>
    <ClInclude Include="src\rfx\scene\ModelDefinitionDeserializer.h">
      <Filter>Header Files</Filter>
    </ClInclude>
    <ClInclude Include="src\rfx\scene\Transform.h">
      <Filter>Header Files</Filter>
    </ClInclude>
    <ClInclude Include="src\rfx\graphics\buffer\Buffer.h">
      <Filter>Header Files</Filter>
    </ClInclude>
    <ClInclude Include="src\rfx\graphics\command\CommandBuffer.h">
      <Filter>Header Files</Filter>
    </ClInclude>
    <ClInclude Include="src\rfx\graphics\command\CommandPool.h">
      <Filter>Header Files</Filter>
    </ClInclude>
    <ClInclude Include="src\rfx\graphics\effect\Effect.h">
      <Filter>Header Files</Filter>
    </ClInclude>
    <ClInclude Include="src\rfx\graphics\effect\EffectDefinition.h">
      <Filter>Header Files</Filter>
    </ClInclude>
    <ClInclude Include="src\rfx\graphics\effect\EffectDefinitionDeserializer.h">
      <Filter>Header Files</Filter>
    </ClInclude>
    <ClInclude Include="src\rfx\graphics\shader\FragmentShader.h">
      <Filter>Header Files</Filter>
    </ClInclude>
    <ClInclude Include="src\rfx\graphics\buffer\IndexBuffer.h">
      <Filter>Header Files</Filter>
    </ClInclude>
    <ClInclude Include="src\rfx\graphics\command\QueueFamilyInfo.h">
      <Filter>Header Files</Filter>
    </ClInclude>
    <ClInclude Include="src\rfx\graphics\command\Queue.h">
      <Filter>Header Files</Filter>
    </ClInclude>
    <ClInclude Include="src\rfx\graphics\shader\Shader.h">
      <Filter>Header Files</Filter>
    </ClInclude>
    <ClInclude Include="src\rfx\graphics\shader\ShaderProgram.h">
      <Filter>Header Files</Filter>
    </ClInclude>
    <ClInclude Include="src\rfx\graphics\shader\SPIR.h">
      <Filter>Header Files</Filter>
    </ClInclude>
    <ClInclude Include="src\rfx\graphics\shader\VertexShader.h">
      <Filter>Header Files</Filter>
    </ClInclude>
    <ClInclude Include="src\rfx\graphics\buffer\VertexBuffer.h">
      <Filter>Header Files</Filter>
    </ClInclude>
    <ClInclude Include="src\rfx\graphics\texture\Image.h">
      <Filter>Header Files</Filter>
    </ClInclude>
    <ClInclude Include="src\rfx\graphics\texture\Texture2D.h">
      <Filter>Header Files</Filter>
    </ClInclude>
    <ClInclude Include="src\rfx\graphics\effect\VertexColorEffect.h">
      <Filter>Header Files</Filter>
    </ClInclude>
    <ClInclude Include="src\rfx\graphics\effect\Texture2DEffect.h">
      <Filter>Header Files</Filter>
    </ClInclude>
    <ClInclude Include="src\rfx\graphics\window\Win32Window.h">
      <Filter>Header Files</Filter>
    </ClInclude>
    <ClInclude Include="src\rfx\graphics\window\Window.h">
      <Filter>Header Files</Filter>
    </ClInclude>
    <ClInclude Include="src\rfx\application\Texture2DLoader.h">
      <Filter>Header Files</Filter>
    </ClInclude>
    <ClInclude Include="src\rfx\application\ShaderLoader.h">
      <Filter>Header Files</Filter>
    </ClInclude>
    <ClInclude Include="test\DirectionalVertexLightingTest.h">
      <Filter>Header Files</Filter>
    </ClInclude>
    <ClInclude Include="src\rfx\scene\Scene.h">
      <Filter>Header Files</Filter>
    </ClInclude>
    <ClInclude Include="src\rfx\graphics\effect\DirectionalLight.h">
      <Filter>Header Files</Filter>
    </ClInclude>
    <ClInclude Include="src\rfx\graphics\effect\Light.h">
      <Filter>Header Files</Filter>
    </ClInclude>
    <ClInclude Include="src\rfx\graphics\effect\Material.h">
      <Filter>Header Files</Filter>
    </ClInclude>
    <ClInclude Include="src\rfx\graphics\effect\DirectionalLightEffect.h">
      <Filter>Header Files</Filter>
    </ClInclude>
    <ClInclude Include="src\rfx\graphics\effect\LightDefinitionDeserializer.h">
      <Filter>Header Files</Filter>
    </ClInclude>
    <ClInclude Include="src\rfx\graphics\effect\MaterialDefinitionDeserializer.h">
      <Filter>Header Files</Filter>
    </ClInclude>
    <ClInclude Include="src\rfx\graphics\effect\SpotLight.h">
      <Filter>Header Files</Filter>
    </ClInclude>
    <ClInclude Include="src\rfx\graphics\effect\PointLight.h">
      <Filter>Header Files</Filter>
    </ClInclude>
    <ClInclude Include="src\rfx\core\JsonDeserializer.h">
      <Filter>Header Files</Filter>
    </ClInclude>
    <ClInclude Include="src\rfx\scene\SceneLoader.h">
      <Filter>Header Files</Filter>
    </ClInclude>
    <ClInclude Include="src\rfx\scene\Camera.h">
      <Filter>Header Files</Filter>
    </ClInclude>
  </ItemGroup>
  <ItemGroup>
    <ClCompile Include="src\rfx\pch.cpp">
      <Filter>Source Files</Filter>
    </ClCompile>
    <ClCompile Include="src\rfx\application\Application.cpp">
      <Filter>Source Files</Filter>
    </ClCompile>
    <ClCompile Include="src\rfx\core\Logger.cpp">
      <Filter>Source Files</Filter>
    </ClCompile>
    <ClCompile Include="src\rfx\application\Win32Application.cpp">
      <Filter>Source Files</Filter>
    </ClCompile>
    <ClCompile Include="src\rfx\graphics\GraphicsDevice.cpp">
      <Filter>Source Files</Filter>
    </ClCompile>
    <ClCompile Include="src\rfx\core\StringUtil.cpp">
      <Filter>Source Files</Filter>
    </ClCompile>
    <ClCompile Include="src\rfx\core\Timer.cpp">
      <Filter>Source Files</Filter>
    </ClCompile>
    <ClCompile Include="test\CubeTest.cpp">
      <Filter>Source Files</Filter>
    </ClCompile>
    <ClCompile Include="src\rfx\graphics\GraphicsContext.cpp">
      <Filter>Source Files</Filter>
    </ClCompile>
    <ClCompile Include="src\rfx\main.cpp">
      <Filter>Source Files</Filter>
    </ClCompile>
    <ClCompile Include="src\rfx\core\FileUtil.cpp">
      <Filter>Source Files</Filter>
    </ClCompile>
    <ClCompile Include="src\rfx\input\InputDeviceFactory.cpp">
      <Filter>Source Files</Filter>
    </ClCompile>
    <ClCompile Include="src\rfx\input\directx\DXInputDeviceFactory.cpp">
      <Filter>Source Files</Filter>
    </ClCompile>
    <ClCompile Include="src\rfx\input\InputDevice.cpp">
      <Filter>Source Files</Filter>
    </ClCompile>
    <ClCompile Include="src\rfx\input\directx\DXKeyboard.cpp">
      <Filter>Source Files</Filter>
    </ClCompile>
    <ClCompile Include="test\TestApplication.cpp">
      <Filter>Source Files</Filter>
    </ClCompile>
    <ClCompile Include="src\rfx\scene\ModelLoader.cpp">
      <Filter>Source Files</Filter>
    </ClCompile>
    <ClCompile Include="src\rfx\graphics\VertexFormat.cpp">
      <Filter>Source Files</Filter>
    </ClCompile>
    <ClCompile Include="src\rfx\scene\Mesh.cpp">
      <Filter>Source Files</Filter>
    </ClCompile>
    <ClCompile Include="test\TriangleTest.cpp">
      <Filter>Source Files</Filter>
    </ClCompile>
    <ClCompile Include="test\TexturedQuadTest.cpp">
      <Filter>Source Files</Filter>
    </ClCompile>
    <ClCompile Include="test\TexturedCubesTest.cpp">
      <Filter>Source Files</Filter>
    </ClCompile>
    <ClCompile Include="src\rfx\scene\SceneNode.cpp">
      <Filter>Source Files</Filter>
    </ClCompile>
    <ClCompile Include="src\rfx\scene\ModelDefinitionDeserializer.cpp">
      <Filter>Source Files</Filter>
    </ClCompile>
    <ClCompile Include="src\rfx\scene\Transform.cpp">
      <Filter>Source Files</Filter>
    </ClCompile>
    <ClCompile Include="src\rfx\graphics\buffer\Buffer.cpp">
      <Filter>Source Files</Filter>
    </ClCompile>
    <ClCompile Include="src\rfx\graphics\command\CommandBuffer.cpp">
      <Filter>Source Files</Filter>
    </ClCompile>
    <ClCompile Include="src\rfx\graphics\command\CommandPool.cpp">
      <Filter>Source Files</Filter>
    </ClCompile>
    <ClCompile Include="src\rfx\graphics\effect\Effect.cpp">
      <Filter>Source Files</Filter>
    </ClCompile>
    <ClCompile Include="src\rfx\graphics\effect\EffectDefinition.cpp">
      <Filter>Source Files</Filter>
    </ClCompile>
    <ClCompile Include="src\rfx\graphics\effect\EffectDefinitionDeserializer.cpp">
      <Filter>Source Files</Filter>
    </ClCompile>
    <ClCompile Include="src\rfx\graphics\shader\FragmentShader.cpp">
      <Filter>Source Files</Filter>
    </ClCompile>
    <ClCompile Include="src\rfx\graphics\buffer\IndexBuffer.cpp">
      <Filter>Source Files</Filter>
    </ClCompile>
    <ClCompile Include="src\rfx\graphics\command\Queue.cpp">
      <Filter>Source Files</Filter>
    </ClCompile>
    <ClCompile Include="src\rfx\graphics\shader\Shader.cpp">
      <Filter>Source Files</Filter>
    </ClCompile>
    <ClCompile Include="src\rfx\graphics\shader\ShaderProgram.cpp">
      <Filter>Source Files</Filter>
    </ClCompile>
    <ClCompile Include="src\rfx\graphics\shader\SPIR.cpp">
      <Filter>Source Files</Filter>
    </ClCompile>
    <ClCompile Include="src\rfx\graphics\shader\VertexShader.cpp">
      <Filter>Source Files</Filter>
    </ClCompile>
    <ClCompile Include="src\rfx\graphics\buffer\VertexBuffer.cpp">
      <Filter>Source Files</Filter>
    </ClCompile>
    <ClCompile Include="src\rfx\graphics\texture\Image.cpp">
      <Filter>Source Files</Filter>
    </ClCompile>
    <ClCompile Include="src\rfx\graphics\texture\Texture2D.cpp">
      <Filter>Source Files</Filter>
    </ClCompile>
    <ClCompile Include="src\rfx\graphics\effect\VertexColorEffect.cpp">
      <Filter>Source Files</Filter>
    </ClCompile>
    <ClCompile Include="src\rfx\graphics\effect\Texture2DEffect.cpp">
      <Filter>Source Files</Filter>
    </ClCompile>
    <ClCompile Include="src\rfx\graphics\window\Win32Window.cpp">
      <Filter>Source Files</Filter>
    </ClCompile>
    <ClCompile Include="src\rfx\graphics\window\Window.cpp">
      <Filter>Source Files</Filter>
    </ClCompile>
    <ClCompile Include="src\rfx\application\Texture2DLoader.cpp">
      <Filter>Source Files</Filter>
    </ClCompile>
    <ClCompile Include="src\rfx\application\ShaderLoader.cpp">
      <Filter>Source Files</Filter>
    </ClCompile>
    <ClCompile Include="test\DirectionalVertexLightingTest.cpp">
      <Filter>Source Files</Filter>
    </ClCompile>
    <ClCompile Include="src\rfx\scene\Scene.cpp">
      <Filter>Source Files</Filter>
    </ClCompile>
    <ClCompile Include="src\rfx\graphics\effect\DirectionalLight.cpp">
      <Filter>Source Files</Filter>
    </ClCompile>
    <ClCompile Include="src\rfx\graphics\effect\Light.cpp">
      <Filter>Source Files</Filter>
    </ClCompile>
    <ClCompile Include="src\rfx\graphics\effect\Material.cpp">
      <Filter>Source Files</Filter>
    </ClCompile>
    <ClCompile Include="src\rfx\graphics\effect\DirectionalLightEffect.cpp">
      <Filter>Source Files</Filter>
    </ClCompile>
    <ClCompile Include="src\rfx\graphics\effect\LightDefinitionDeserializer.cpp">
      <Filter>Source Files</Filter>
    </ClCompile>
    <ClCompile Include="src\rfx\graphics\effect\MaterialDefinitionDeserializer.cpp">
      <Filter>Source Files</Filter>
    </ClCompile>
    <ClCompile Include="src\rfx\graphics\effect\SpotLight.cpp">
      <Filter>Source Files</Filter>
    </ClCompile>
    <ClCompile Include="src\rfx\graphics\effect\PointLight.cpp">
      <Filter>Source Files</Filter>
    </ClCompile>
    <ClCompile Include="src\rfx\core\JsonDeserializer.cpp">
      <Filter>Source Files</Filter>
    </ClCompile>
    <ClCompile Include="src\rfx\scene\SceneLoader.cpp">
      <Filter>Source Files</Filter>
    </ClCompile>
    <ClCompile Include="src\rfx\scene\Camera.cpp">
      <Filter>Source Files</Filter>
    </ClCompile>
  </ItemGroup>
  <ItemGroup>
    <Image Include="res\rfx.ico">
      <Filter>Resource Files</Filter>
    </Image>
    <Image Include="res\small.ico">
      <Filter>Resource Files</Filter>
    </Image>
    <Image Include="assets\textures\lunarg_logo-256x256.png">
      <Filter>Resource Files</Filter>
    </Image>
    <Image Include="assets\common\textures\lunarg_logo-256x256.png">
      <Filter>Resource Files</Filter>
    </Image>
  </ItemGroup>
  <ItemGroup>
    <ResourceCompile Include="res\rfx.rc">
      <Filter>Resource Files</Filter>
    </ResourceCompile>
  </ItemGroup>
  <ItemGroup>
    <None Include="assets\application-config.json" />
    <None Include="assets\shaders\color.vert" />
    <None Include="assets\shaders\color.frag" />
    <None Include="assets\shaders\texture.frag" />
    <None Include="assets\shaders\texture.vert" />
    <None Include="assets\common\models\cube.dae" />
    <None Include="assets\tests\cube\application-config.json" />
    <None Include="assets\common\shaders\color.frag" />
    <None Include="assets\common\shaders\color.vert" />
    <None Include="assets\common\shaders\texture.frag" />
    <None Include="assets\common\shaders\texture.vert" />
    <None Include="assets\tests\triangle\application-config.json" />
    <None Include="assets\common\textures\checkerboard_nomips_rgba.ktx" />
    <None Include="assets\common\textures\vulkan_11_rgba.ktx" />
    <None Include="assets\tests\textured-quad\application-config.json" />
    <None Include="assets\tests\textured-cubes\application-config.json" />
    <None Include="assets\tests\textured-cubes\crate01_color_height_rgba.ktx" />
    <None Include="assets\tests\textured-cubes\crate02_color_height_rgba.ktx" />
    <None Include="assets\tests\directional-vertex-lighting\application-config.json" />
    <None Include="assets\common\shaders\directional_light.vert" />
    <None Include="assets\common\models\teapot.dae" />
  </ItemGroup>
</Project>